
Microsoft Visual Studio Solution File, Format Version 12.00
# Visual Studio 15
VisualStudioVersion = 15.0.27428.2002
MinimumVisualStudioVersion = 10.0.40219.1
Project("{FAE04EC0-301F-11D3-BF4B-00C04F79EFBC}") = "SeriesService", "SeriesService\SeriesService.csproj", "{D3658F3E-90CC-4ECE-8419-18AE368B26FE}"
EndProject
Project("{FAE04EC0-301F-11D3-BF4B-00C04F79EFBC}") = "SeriesService.Tests", "SeriesService.Tests\SeriesService.Tests.csproj", "{10E4208C-1BEB-4AAB-8F06-0DB6F75449CA}"
EndProject
Global
	GlobalSection(SolutionConfigurationPlatforms) = preSolution
		Debug|Any CPU = Debug|Any CPU
		Release|Any CPU = Release|Any CPU
	EndGlobalSection
	GlobalSection(ProjectConfigurationPlatforms) = postSolution
		{D3658F3E-90CC-4ECE-8419-18AE368B26FE}.Debug|Any CPU.ActiveCfg = Debug|Any CPU
		{D3658F3E-90CC-4ECE-8419-18AE368B26FE}.Debug|Any CPU.Build.0 = Debug|Any CPU
		{D3658F3E-90CC-4ECE-8419-18AE368B26FE}.Release|Any CPU.ActiveCfg = Release|Any CPU
		{D3658F3E-90CC-4ECE-8419-18AE368B26FE}.Release|Any CPU.Build.0 = Release|Any CPU
		{10E4208C-1BEB-4AAB-8F06-0DB6F75449CA}.Debug|Any CPU.ActiveCfg = Debug|Any CPU
		{10E4208C-1BEB-4AAB-8F06-0DB6F75449CA}.Debug|Any CPU.Build.0 = Debug|Any CPU
		{10E4208C-1BEB-4AAB-8F06-0DB6F75449CA}.Release|Any CPU.ActiveCfg = Release|Any CPU
		{10E4208C-1BEB-4AAB-8F06-0DB6F75449CA}.Release|Any CPU.Build.0 = Release|Any CPU
	EndGlobalSection
	GlobalSection(SolutionProperties) = preSolution
		HideSolutionNode = FALSE
	EndGlobalSection
	GlobalSection(ExtensibilityGlobals) = postSolution
		SolutionGuid = {92C622B6-0096-4CE9-814B-CAB9137AF0CF}
	EndGlobalSection
EndGlobal
